
Microsoft Visual Studio Solution File, Format Version 12.00
# Visual Studio Version 16
VisualStudioVersion = 16.0.29318.209
MinimumVisualStudioVersion = 10.0.40219.1
Project("{FAE04EC0-301F-11D3-BF4B-00C04F79EFBC}") = "Plug-in Downloader", "Plug-in Downloader\Plug-in Downloader.csproj", "{1B50EAB4-F8CC-492C-97F3-BD6007750CA5}"
EndProject
Project("{FAE04EC0-301F-11D3-BF4B-00C04F79EFBC}") = "Component Comparer", "Сomponent Сomparer\Component Comparer.csproj", "{C713AF78-7F22-42EB-B42D-F8F2A286F5F6}"
EndProject
Project("{FAE04EC0-301F-11D3-BF4B-00C04F79EFBC}") = "Everywhere Search", "Everywhere Search\Everywhere Search.csproj", "{146AF338-B888-4D26-807E-9B22704DA535}"
EndProject
Project("{FAE04EC0-301F-11D3-BF4B-00C04F79EFBC}") = "User Views Manager", "User Views Manager\User Views Manager.csproj", "{2D5C0B57-040B-44AD-A793-1107CE82CEB8}"
EndProject
Project("{FAE04EC0-301F-11D3-BF4B-00C04F79EFBC}") = "AutoPublisher", "AutoPublisher\AutoPublisher.csproj", "{8332084E-B8A2-4A2B-BE34-1DB248ACD84A}"
EndProject
Project("{FAE04EC0-301F-11D3-BF4B-00C04F79EFBC}") = "Executor", "Executor\Executor.csproj", "{7F4734E7-3230-4F62-A23F-DC5A361029CD}"
EndProject
Project("{FAE04EC0-301F-11D3-BF4B-00C04F79EFBC}") = "Error Analizer", "Error Analizer\Error Analizer.csproj", "{91332F19-850E-46A2-93B7-D388E7FBEEB0}"
EndProject
Global
	GlobalSection(SolutionConfigurationPlatforms) = preSolution
		Debug|Any CPU = Debug|Any CPU
		Release|Any CPU = Release|Any CPU
	EndGlobalSection
	GlobalSection(ProjectConfigurationPlatforms) = postSolution
		{1B50EAB4-F8CC-492C-97F3-BD6007750CA5}.Debug|Any CPU.ActiveCfg = Debug|Any CPU
		{1B50EAB4-F8CC-492C-97F3-BD6007750CA5}.Debug|Any CPU.Build.0 = Debug|Any CPU
		{1B50EAB4-F8CC-492C-97F3-BD6007750CA5}.Release|Any CPU.ActiveCfg = Release|Any CPU
		{1B50EAB4-F8CC-492C-97F3-BD6007750CA5}.Release|Any CPU.Build.0 = Release|Any CPU
		{C713AF78-7F22-42EB-B42D-F8F2A286F5F6}.Debug|Any CPU.ActiveCfg = Debug|Any CPU
		{C713AF78-7F22-42EB-B42D-F8F2A286F5F6}.Debug|Any CPU.Build.0 = Debug|Any CPU
		{C713AF78-7F22-42EB-B42D-F8F2A286F5F6}.Release|Any CPU.ActiveCfg = Release|Any CPU
		{C713AF78-7F22-42EB-B42D-F8F2A286F5F6}.Release|Any CPU.Build.0 = Release|Any CPU
		{146AF338-B888-4D26-807E-9B22704DA535}.Debug|Any CPU.ActiveCfg = Debug|Any CPU
		{146AF338-B888-4D26-807E-9B22704DA535}.Debug|Any CPU.Build.0 = Debug|Any CPU
		{146AF338-B888-4D26-807E-9B22704DA535}.Release|Any CPU.ActiveCfg = Release|Any CPU
		{146AF338-B888-4D26-807E-9B22704DA535}.Release|Any CPU.Build.0 = Release|Any CPU
		{2D5C0B57-040B-44AD-A793-1107CE82CEB8}.Debug|Any CPU.ActiveCfg = Debug|Any CPU
		{2D5C0B57-040B-44AD-A793-1107CE82CEB8}.Debug|Any CPU.Build.0 = Debug|Any CPU
		{2D5C0B57-040B-44AD-A793-1107CE82CEB8}.Release|Any CPU.ActiveCfg = Release|Any CPU
		{2D5C0B57-040B-44AD-A793-1107CE82CEB8}.Release|Any CPU.Build.0 = Release|Any CPU
		{8332084E-B8A2-4A2B-BE34-1DB248ACD84A}.Debug|Any CPU.ActiveCfg = Debug|Any CPU
		{8332084E-B8A2-4A2B-BE34-1DB248ACD84A}.Debug|Any CPU.Build.0 = Debug|Any CPU
		{8332084E-B8A2-4A2B-BE34-1DB248ACD84A}.Release|Any CPU.ActiveCfg = Release|Any CPU
		{8332084E-B8A2-4A2B-BE34-1DB248ACD84A}.Release|Any CPU.Build.0 = Release|Any CPU
		{7F4734E7-3230-4F62-A23F-DC5A361029CD}.Debug|Any CPU.ActiveCfg = Debug|Any CPU
		{7F4734E7-3230-4F62-A23F-DC5A361029CD}.Debug|Any CPU.Build.0 = Debug|Any CPU
		{7F4734E7-3230-4F62-A23F-DC5A361029CD}.Release|Any CPU.ActiveCfg = Release|Any CPU
		{7F4734E7-3230-4F62-A23F-DC5A361029CD}.Release|Any CPU.Build.0 = Release|Any CPU
		{91332F19-850E-46A2-93B7-D388E7FBEEB0}.Debug|Any CPU.ActiveCfg = Debug|Any CPU
		{91332F19-850E-46A2-93B7-D388E7FBEEB0}.Debug|Any CPU.Build.0 = Debug|Any CPU
		{91332F19-850E-46A2-93B7-D388E7FBEEB0}.Release|Any CPU.ActiveCfg = Release|Any CPU
		{91332F19-850E-46A2-93B7-D388E7FBEEB0}.Release|Any CPU.Build.0 = Release|Any CPU
	EndGlobalSection
	GlobalSection(SolutionProperties) = preSolution
		HideSolutionNode = FALSE
	EndGlobalSection
	GlobalSection(ExtensibilityGlobals) = postSolution
		SolutionGuid = {D6225CD0-80BB-42E2-9CDD-1C24E387E27C}
	EndGlobalSection
EndGlobal
